# This file was autogenerated by Stack.
# You should not edit this file by hand.
# For more information, please see the documentation at:
#   https://docs.haskellstack.org/en/stable/lock_files

packages:
- completed:
    hackage: synchronous-channels-0.2@sha256:b46c98ed4cbe5038d7ca0911e2c0c5fdae41f7bcfb1648c6f469d80c152ab4af,705
    pantry-tree:
      size: 243
      sha256: a3dc2d6d9cf8b766eb91758e2ffe2c706df336e1f2bf66ec935fc7ca6eada25b
  original:
    hackage: synchronous-channels-0.2@sha256:b46c98ed4cbe5038d7ca0911e2c0c5fdae41f7bcfb1648c6f469d80c152ab4af,705
snapshots:
- completed:
    size: 524799
    url: https://raw.githubusercontent.com/commercialhaskell/stackage-snapshots/master/lts/14/17.yaml
    sha256: 1d72b33c0fc048e23f4f18fd76a6ad79dd1d8a3c054644098a71a09855e40c7c
  original: lts-14.17
